<<<<<<< HEAD
﻿
Microsoft Visual Studio Solution File, Format Version 11.00
# Visual Studio 2010
Project("{FAE04EC0-301F-11D3-BF4B-00C04F79EFBC}") = "WarioWare", "Assembly-CSharp.csproj", "{3E706BF3-4793-DB38-8091-32A67BE4A2D2}"
EndProject
Global
	GlobalSection(SolutionConfigurationPlatforms) = preSolution
		Debug|Any CPU = Debug|Any CPU
		Release|Any CPU = Release|Any CPU
	EndGlobalSection
	GlobalSection(ProjectConfigurationPlatforms) = postSolution
		{3E706BF3-4793-DB38-8091-32A67BE4A2D2}.Debug|Any CPU.ActiveCfg = Debug|Any CPU
		{3E706BF3-4793-DB38-8091-32A67BE4A2D2}.Debug|Any CPU.Build.0 = Debug|Any CPU
		{3E706BF3-4793-DB38-8091-32A67BE4A2D2}.Release|Any CPU.ActiveCfg = Release|Any CPU
		{3E706BF3-4793-DB38-8091-32A67BE4A2D2}.Release|Any CPU.Build.0 = Release|Any CPU
	EndGlobalSection
	GlobalSection(SolutionProperties) = preSolution
		HideSolutionNode = FALSE
	EndGlobalSection
	GlobalSection(MonoDevelopProperties) = preSolution
		StartupItem = Assembly-CSharp.csproj
	EndGlobalSection
EndGlobal
=======
﻿
Microsoft Visual Studio Solution File, Format Version 12.00
# Visual Studio 2017
Project("{FAE04EC0-301F-11D3-BF4B-00C04F79EFBC}") = "WarioWare", "WarioWare.csproj", "{53A826EC-9860-8E49-3ED9-5987CE0F62EA}"
EndProject
Global
	GlobalSection(SolutionConfigurationPlatforms) = preSolution
		Debug|Any CPU = Debug|Any CPU
		Release|Any CPU = Release|Any CPU
	EndGlobalSection
	GlobalSection(ProjectConfigurationPlatforms) = postSolution
		{53A826EC-9860-8E49-3ED9-5987CE0F62EA}.Debug|Any CPU.ActiveCfg = Debug|Any CPU
		{53A826EC-9860-8E49-3ED9-5987CE0F62EA}.Debug|Any CPU.Build.0 = Debug|Any CPU
		{53A826EC-9860-8E49-3ED9-5987CE0F62EA}.Release|Any CPU.ActiveCfg = Release|Any CPU
		{53A826EC-9860-8E49-3ED9-5987CE0F62EA}.Release|Any CPU.Build.0 = Release|Any CPU
	EndGlobalSection
	GlobalSection(SolutionProperties) = preSolution
		HideSolutionNode = FALSE
	EndGlobalSection
EndGlobal
>>>>>>> FindMiniJeu
